// !$*UTF8*$!
{
	archiveVersion = 1;
	classes = {
	};
	objectVersion = 50;
	objects = {

/* Begin PBXBuildFile section */
		F2302C79267665F00058B196 /* AppDelegate.swift in Sources */ = {isa = PBXBuildFile; fileRef = F2302C78267665F00058B196 /* AppDelegate.swift */; };
		F2302C7B267665F00058B196 /* SceneDelegate.swift in Sources */ = {isa = PBXBuildFile; fileRef = F2302C7A267665F00058B196 /* SceneDelegate.swift */; };
		F2302C7D267665F00058B196 /* ViewController.swift in Sources */ = {isa = PBXBuildFile; fileRef = F2302C7C267665F00058B196 /* ViewController.swift */; };
		F2302C80267665F00058B196 /* Main.storyboard in Resources */ = {isa = PBXBuildFile; fileRef = F2302C7E267665F00058B196 /* Main.storyboard */; };
		F2302C82267665F20058B196 /* Assets.xcassets in Resources */ = {isa = PBXBuildFile; fileRef = F2302C81267665F20058B196 /* Assets.xcassets */; };
		F2302C85267665F20058B196 /* LaunchScreen.storyboard in Resources */ = {isa = PBXBuildFile; fileRef = F2302C83267665F20058B196 /* LaunchScreen.storyboard */; };
		F2302C9526767F950058B196 /* EndPointType.swift in Sources */ = {isa = PBXBuildFile; fileRef = F2302C9426767F950058B196 /* EndPointType.swift */; };
		F2302C972676801E0058B196 /* HTTPMethod.swift in Sources */ = {isa = PBXBuildFile; fileRef = F2302C962676801E0058B196 /* HTTPMethod.swift */; };
		F2302C99267680CC0058B196 /* HTTPTask.swift in Sources */ = {isa = PBXBuildFile; fileRef = F2302C98267680CC0058B196 /* HTTPTask.swift */; };
		F2302C9B2676819F0058B196 /* ParameterEncoding.swift in Sources */ = {isa = PBXBuildFile; fileRef = F2302C9A2676819F0058B196 /* ParameterEncoding.swift */; };
		F2302C9D267683F60058B196 /* URLParameterEncoder.swift in Sources */ = {isa = PBXBuildFile; fileRef = F2302C9C267683F60058B196 /* URLParameterEncoder.swift */; };
		F2302C9F267687650058B196 /* JSONParameterEncoder.swift in Sources */ = {isa = PBXBuildFile; fileRef = F2302C9E267687650058B196 /* JSONParameterEncoder.swift */; };
		F2302CA3267688D40058B196 /* Router.swift in Sources */ = {isa = PBXBuildFile; fileRef = F2302CA2267688D40058B196 /* Router.swift */; };
		F2302CA52676976D0058B196 /* NetworkLogger.swift in Sources */ = {isa = PBXBuildFile; fileRef = F2302CA42676976D0058B196 /* NetworkLogger.swift */; };
/* End PBXBuildFile section */

/* Begin PBXFileReference section */
		F2302C75267665F00058B196 /* MyNetworkLayer.app */ = {isa = PBXFileReference; explicitFileType = wrapper.application; includeInIndex = 0; path = MyNetworkLayer.app; sourceTree = BUILT_PRODUCTS_DIR; };
		F2302C78267665F00058B196 /* AppDelegate.swift */ = {isa = PBXFileReference; lastKnownFileType = sourcecode.swift; path = AppDelegate.swift; sourceTree = "<group>"; };
		F2302C7A267665F00058B196 /* SceneDelegate.swift */ = {isa = PBXFileReference; lastKnownFileType = sourcecode.swift; path = SceneDelegate.swift; sourceTree = "<group>"; };
		F2302C7C267665F00058B196 /* ViewController.swift */ = {isa = PBXFileReference; lastKnownFileType = sourcecode.swift; path = ViewController.swift; sourceTree = "<group>"; };
		F2302C7F267665F00058B196 /* Base */ = {isa = PBXFileReference; lastKnownFileType = file.storyboard; name = Base; path = Base.lproj/Main.storyboard; sourceTree = "<group>"; };
		F2302C81267665F20058B196 /* Assets.xcassets */ = {isa = PBXFileReference; lastKnownFileType = folder.assetcatalog; path = Assets.xcassets; sourceTree = "<group>"; };
		F2302C84267665F20058B196 /* Base */ = {isa = PBXFileReference; lastKnownFileType = file.storyboard; name = Base; path = Base.lproj/LaunchScreen.storyboard; sourceTree = "<group>"; };
		F2302C86267665F20058B196 /* Info.plist */ = {isa = PBXFileReference; lastKnownFileType = text.plist.xml; path = Info.plist; sourceTree = "<group>"; };
		F2302C9426767F950058B196 /* EndPointType.swift */ = {isa = PBXFileReference; lastKnownFileType = sourcecode.swift; path = EndPointType.swift; sourceTree = "<group>"; };
		F2302C962676801E0058B196 /* HTTPMethod.swift */ = {isa = PBXFileReference; lastKnownFileType = sourcecode.swift; path = HTTPMethod.swift; sourceTree = "<group>"; };
		F2302C98267680CC0058B196 /* HTTPTask.swift */ = {isa = PBXFileReference; lastKnownFileType = sourcecode.swift; path = HTTPTask.swift; sourceTree = "<group>"; };
		F2302C9A2676819F0058B196 /* ParameterEncoding.swift */ = {isa = PBXFileReference; lastKnownFileType = sourcecode.swift; path = ParameterEncoding.swift; sourceTree = "<group>"; };
		F2302C9C267683F60058B196 /* URLParameterEncoder.swift */ = {isa = PBXFileReference; lastKnownFileType = sourcecode.swift; path = URLParameterEncoder.swift; sourceTree = "<group>"; };
		F2302C9E267687650058B196 /* JSONParameterEncoder.swift */ = {isa = PBXFileReference; lastKnownFileType = sourcecode.swift; path = JSONParameterEncoder.swift; sourceTree = "<group>"; };
		F2302CA2267688D40058B196 /* Router.swift */ = {isa = PBXFileReference; lastKnownFileType = sourcecode.swift; path = Router.swift; sourceTree = "<group>"; };
		F2302CA42676976D0058B196 /* NetworkLogger.swift */ = {isa = PBXFileReference; lastKnownFileType = sourcecode.swift; path = NetworkLogger.swift; sourceTree = "<group>"; };
/* End PBXFileReference section */

/* Begin PBXFrameworksBuildPhase section */
		F2302C72267665F00058B196 /* Frameworks */ = {
			isa = PBXFrameworksBuildPhase;
			buildActionMask = 2147483647;
			files = (
			);
			runOnlyForDeploymentPostprocessing = 0;
		};
/* End PBXFrameworksBuildPhase section */

/* Begin PBXGroup section */
		F2302C6C267665F00058B196 = {
			isa = PBXGroup;
			children = (
				F2302C77267665F00058B196 /* MyNetworkLayer */,
				F2302C76267665F00058B196 /* Products */,
			);
			sourceTree = "<group>";
		};
		F2302C76267665F00058B196 /* Products */ = {
			isa = PBXGroup;
			children = (
				F2302C75267665F00058B196 /* MyNetworkLayer.app */,
			);
			name = Products;
			sourceTree = "<group>";
		};
		F2302C77267665F00058B196 /* MyNetworkLayer */ = {
			isa = PBXGroup;
			children = (
				F2302C932676692B0058B196 /* ViewController */,
				F2302C92267669230058B196 /* Model */,
				F2302C91267669190058B196 /* Application */,
				F2302C8C267668F00058B196 /* Networking */,
				F2302C78267665F00058B196 /* AppDelegate.swift */,
				F2302C7A267665F00058B196 /* SceneDelegate.swift */,
				F2302C7C267665F00058B196 /* ViewController.swift */,
				F2302C7E267665F00058B196 /* Main.storyboard */,
				F2302C81267665F20058B196 /* Assets.xcassets */,
				F2302C83267665F20058B196 /* LaunchScreen.storyboard */,
				F2302C86267665F20058B196 /* Info.plist */,
			);
			path = MyNetworkLayer;
			sourceTree = "<group>";
		};
		F2302C8C267668F00058B196 /* Networking */ = {
			isa = PBXGroup;
			children = (
				F2302C902676690D0058B196 /* Encoding */,
				F2302C8F267669060058B196 /* Service */,
				F2302C8E267669000058B196 /* Manager */,
				F2302C8D267668F70058B196 /* EndPoint */,
			);
			path = Networking;
			sourceTree = "<group>";
		};
		F2302C8D267668F70058B196 /* EndPoint */ = {
			isa = PBXGroup;
			children = (
			);
			path = EndPoint;
			sourceTree = "<group>";
		};
		F2302C8E267669000058B196 /* Manager */ = {
			isa = PBXGroup;
			children = (
			);
			path = Manager;
			sourceTree = "<group>";
		};
		F2302C8F267669060058B196 /* Service */ = {
			isa = PBXGroup;
			children = (
				F2302C9426767F950058B196 /* EndPointType.swift */,
				F2302C962676801E0058B196 /* HTTPMethod.swift */,
				F2302C98267680CC0058B196 /* HTTPTask.swift */,
				F2302CA2267688D40058B196 /* Router.swift */,
				F2302CA42676976D0058B196 /* NetworkLogger.swift */,
			);
			path = Service;
			sourceTree = "<group>";
		};
		F2302C902676690D0058B196 /* Encoding */ = {
			isa = PBXGroup;
			children = (
				F2302C9A2676819F0058B196 /* ParameterEncoding.swift */,
				F2302C9C267683F60058B196 /* URLParameterEncoder.swift */,
				F2302C9E267687650058B196 /* JSONParameterEncoder.swift */,
			);
			path = Encoding;
			sourceTree = "<group>";
		};
		F2302C91267669190058B196 /* Application */ = {
			isa = PBXGroup;
			children = (
			);
			path = Application;
			sourceTree = "<group>";
		};
		F2302C92267669230058B196 /* Model */ = {
			isa = PBXGroup;
			children = (
			);
			path = Model;
			sourceTree = "<group>";
		};
		F2302C932676692B0058B196 /* ViewController */ = {
			isa = PBXGroup;
			children = (
			);
			path = ViewController;
			sourceTree = "<group>";
		};
/* End PBXGroup section */

/* Begin PBXNativeTarget section */
		F2302C74267665F00058B196 /* MyNetworkLayer */ = {
			isa = PBXNativeTarget;
			buildConfigurationList = F2302C89267665F20058B196 /* Build configuration list for PBXNativeTarget "MyNetworkLayer" */;
			buildPhases = (
				F2302C71267665F00058B196 /* Sources */,
				F2302C72267665F00058B196 /* Frameworks */,
				F2302C73267665F00058B196 /* Resources */,
			);
			buildRules = (
			);
			dependencies = (
			);
			name = MyNetworkLayer;
			productName = MyNetworkLayer;
			productReference = F2302C75267665F00058B196 /* MyNetworkLayer.app */;
			productType = "com.apple.product-type.application";
		};
/* End PBXNativeTarget section */

/* Begin PBXProject section */
		F2302C6D267665F00058B196 /* Project object */ = {
			isa = PBXProject;
			attributes = {
				LastSwiftUpdateCheck = 1250;
				LastUpgradeCheck = 1250;
				TargetAttributes = {
					F2302C74267665F00058B196 = {
						CreatedOnToolsVersion = 12.5;
					};
				};
			};
			buildConfigurationList = F2302C70267665F00058B196 /* Build configuration list for PBXProject "MyNetworkLayer" */;
			compatibilityVersion = "Xcode 9.3";
			developmentRegion = en;
			hasScannedForEncodings = 0;
			knownRegions = (
				en,
				Base,
			);
			mainGroup = F2302C6C267665F00058B196;
			productRefGroup = F2302C76267665F00058B196 /* Products */;
			projectDirPath = "";
			projectRoot = "";
			targets = (
				F2302C74267665F00058B196 /* MyNetworkLayer */,
			);
		};
/* End PBXProject section */

/* Begin PBXResourcesBuildPhase section */
		F2302C73267665F00058B196 /* Resources */ = {
			isa = PBXResourcesBuildPhase;
			buildActionMask = 2147483647;
			files = (
				F2302C85267665F20058B196 /* LaunchScreen.storyboard in Resources */,
				F2302C82267665F20058B196 /* Assets.xcassets in Resources */,
				F2302C80267665F00058B196 /* Main.storyboard in Resources */,
			);
			runOnlyForDeploymentPostprocessing = 0;
		};
/* End PBXResourcesBuildPhase section */

/* Begin PBXSourcesBuildPhase section */
		F2302C71267665F00058B196 /* Sources */ = {
			isa = PBXSourcesBuildPhase;
			buildActionMask = 2147483647;
			files = (
				F2302CA3267688D40058B196 /* Router.swift in Sources */,
				F2302C9D267683F60058B196 /* URLParameterEncoder.swift in Sources */,
				F2302C9B2676819F0058B196 /* ParameterEncoding.swift in Sources */,
				F2302C99267680CC0058B196 /* HTTPTask.swift in Sources */,
				F2302C9526767F950058B196 /* EndPointType.swift in Sources */,
				F2302C7D267665F00058B196 /* ViewController.swift in Sources */,
				F2302C9F267687650058B196 /* JSONParameterEncoder.swift in Sources */,
				F2302C79267665F00058B196 /* AppDelegate.swift in Sources */,
				F2302C972676801E0058B196 /* HTTPMethod.swift in Sources */,
				F2302C7B267665F00058B196 /* SceneDelegate.swift in Sources */,
				F2302CA52676976D0058B196 /* NetworkLogger.swift in Sources */,
			);
			runOnlyForDeploymentPostprocessing = 0;
		};
/* End PBXSourcesBuildPhase section */

/* Begin PBXVariantGroup section */
		F2302C7E267665F00058B196 /* Main.storyboard */ = {
			isa = PBXVariantGroup;
			children = (
				F2302C7F267665F00058B196 /* Base */,
			);
			name = Main.storyboard;
			sourceTree = "<group>";
		};
		F2302C83267665F20058B196 /* LaunchScreen.storyboard */ = {
			isa = PBXVariantGroup;
			children = (
				F2302C84267665F20058B196 /* Base */,
			);
			name = LaunchScreen.storyboard;
			sourceTree = "<group>";
		};
/* End PBXVariantGroup section */

/* Begin XCBuildConfiguration section */
		F2302C87267665F20058B196 /* Debug */ = {
			isa = XCBuildConfiguration;
			buildSettings = {
				ALWAYS_SEARCH_USER_PATHS = NO;
				CLANG_ANALYZER_NONNULL = YES;
				CLANG_ANALYZER_NUMBER_OBJECT_CONVERSION = YES_AGGRESSIVE;
				CLANG_CXX_LANGUAGE_STANDARD = "gnu++14";
				CLANG_CXX_LIBRARY = "libc++";
				CLANG_ENABLE_MODULES = YES;
				CLANG_ENABLE_OBJC_ARC = YES;
				CLANG_ENABLE_OBJC_WEAK = YES;
				CLANG_WARN_BLOCK_CAPTURE_AUTORELEASING = YES;
				CLANG_WARN_BOOL_CONVERSION = YES;
				CLANG_WARN_COMMA = YES;
				CLANG_WARN_CONSTANT_CONVERSION = YES;
				CLANG_WARN_DEPRECATED_OBJC_IMPLEMENTATIONS = YES;
				CLANG_WARN_DIRECT_OBJC_ISA_USAGE = YES_ERROR;
				CLANG_WARN_DOCUMENTATION_COMMENTS = YES;
				CLANG_WARN_EMPTY_BODY = YES;
				CLANG_WARN_ENUM_CONVERSION = YES;
				CLANG_WARN_INFINITE_RECURSION = YES;
				CLANG_WARN_INT_CONVERSION = YES;
				CLANG_WARN_NON_LITERAL_NULL_CONVERSION = YES;
				CLANG_WARN_OBJC_IMPLICIT_RETAIN_SELF = YES;
				CLANG_WARN_OBJC_LITERAL_CONVERSION = YES;
				CLANG_WARN_OBJC_ROOT_CLASS = YES_ERROR;
				CLANG_WARN_QUOTED_INCLUDE_IN_FRAMEWORK_HEADER = YES;
				CLANG_WARN_RANGE_LOOP_ANALYSIS = YES;
				CLANG_WARN_STRICT_PROTOTYPES = YES;
				CLANG_WARN_SUSPICIOUS_MOVE = YES;
				CLANG_WARN_UNGUARDED_AVAILABILITY = YES_AGGRESSIVE;
				CLANG_WARN_UNREACHABLE_CODE = YES;
				CLANG_WARN__DUPLICATE_METHOD_MATCH = YES;
				COPY_PHASE_STRIP = NO;
				DEBUG_INFORMATION_FORMAT = dwarf;
				ENABLE_STRICT_OBJC_MSGSEND = YES;
				ENABLE_TESTABILITY = YES;
				GCC_C_LANGUAGE_STANDARD = gnu11;
				GCC_DYNAMIC_NO_PIC = NO;
				GCC_NO_COMMON_BLOCKS = YES;
				GCC_OPTIMIZATION_LEVEL = 0;
				GCC_PREPROCESSOR_DEFINITIONS = (
					"DEBUG=1",
					"$(inherited)",
				);
				GCC_WARN_64_TO_32_BIT_CONVERSION = YES;
				GCC_WARN_ABOUT_RETURN_TYPE = YES_ERROR;
				GCC_WARN_UNDECLARED_SELECTOR = YES;
				GCC_WARN_UNINITIALIZED_AUTOS = YES_AGGRESSIVE;
				GCC_WARN_UNUSED_FUNCTION = YES;
				GCC_WARN_UNUSED_VARIABLE = YES;
				IPHONEOS_DEPLOYMENT_TARGET = 14.5;
				MTL_ENABLE_DEBUG_INFO = INCLUDE_SOURCE;
				MTL_FAST_MATH = YES;
				ONLY_ACTIVE_ARCH = YES;
				SDKROOT = iphoneos;
				SWIFT_ACTIVE_COMPILATION_CONDITIONS = DEBUG;
				SWIFT_OPTIMIZATION_LEVEL = "-Onone";
			};
			name = Debug;
		};
		F2302C88267665F20058B196 /* Release */ = {
			isa = XCBuildConfiguration;
			buildSettings = {
				ALWAYS_SEARCH_USER_PATHS = NO;
				CLANG_ANALYZER_NONNULL = YES;
				CLANG_ANALYZER_NUMBER_OBJECT_CONVERSION = YES_AGGRESSIVE;
				CLANG_CXX_LANGUAGE_STANDARD = "gnu++14";
				CLANG_CXX_LIBRARY = "libc++";
				CLANG_ENABLE_MODULES = YES;
				CLANG_ENABLE_OBJC_ARC = YES;
				CLANG_ENABLE_OBJC_WEAK = YES;
				CLANG_WARN_BLOCK_CAPTURE_AUTORELEASING = YES;
				CLANG_WARN_BOOL_CONVERSION = YES;
				CLANG_WARN_COMMA = YES;
				CLANG_WARN_CONSTANT_CONVERSION = YES;
				CLANG_WARN_DEPRECATED_OBJC_IMPLEMENTATIONS = YES;
				CLANG_WARN_DIRECT_OBJC_ISA_USAGE = YES_ERROR;
				CLANG_WARN_DOCUMENTATION_COMMENTS = YES;
				CLANG_WARN_EMPTY_BODY = YES;
				CLANG_WARN_ENUM_CONVERSION = YES;
				CLANG_WARN_INFINITE_RECURSION = YES;
				CLANG_WARN_INT_CONVERSION = YES;
				CLANG_WARN_NON_LITERAL_NULL_CONVERSION = YES;
				CLANG_WARN_OBJC_IMPLICIT_RETAIN_SELF = YES;
				CLANG_WARN_OBJC_LITERAL_CONVERSION = YES;
				CLANG_WARN_OBJC_ROOT_CLASS = YES_ERROR;
				CLANG_WARN_QUOTED_INCLUDE_IN_FRAMEWORK_HEADER = YES;
				CLANG_WARN_RANGE_LOOP_ANALYSIS = YES;
				CLANG_WARN_STRICT_PROTOTYPES = YES;
				CLANG_WARN_SUSPICIOUS_MOVE = YES;
				CLANG_WARN_UNGUARDED_AVAILABILITY = YES_AGGRESSIVE;
				CLANG_WARN_UNREACHABLE_CODE = YES;
				CLANG_WARN__DUPLICATE_METHOD_MATCH = YES;
				COPY_PHASE_STRIP = NO;
				DEBUG_INFORMATION_FORMAT = "dwarf-with-dsym";
				ENABLE_NS_ASSERTIONS = NO;
				ENABLE_STRICT_OBJC_MSGSEND = YES;
				GCC_C_LANGUAGE_STANDARD = gnu11;
				GCC_NO_COMMON_BLOCKS = YES;
				GCC_WARN_64_TO_32_BIT_CONVERSION = YES;
				GCC_WARN_ABOUT_RETURN_TYPE = YES_ERROR;
				GCC_WARN_UNDECLARED_SELECTOR = YES;
				GCC_WARN_UNINITIALIZED_AUTOS = YES_AGGRESSIVE;
				GCC_WARN_UNUSED_FUNCTION = YES;
				GCC_WARN_UNUSED_VARIABLE = YES;
				IPHONEOS_DEPLOYMENT_TARGET = 14.5;
				MTL_ENABLE_DEBUG_INFO = NO;
				MTL_FAST_MATH = YES;
				SDKROOT = iphoneos;
				SWIFT_COMPILATION_MODE = wholemodule;
				SWIFT_OPTIMIZATION_LEVEL = "-O";
				VALIDATE_PRODUCT = YES;
			};
			name = Release;
		};
		F2302C8A267665F20058B196 /* Debug */ = {
			isa = XCBuildConfiguration;
			buildSettings = {
				ASSETCATALOG_COMPILER_APPICON_NAME = AppIcon;
				ASSETCATALOG_COMPILER_GLOBAL_ACCENT_COLOR_NAME = AccentColor;
				CODE_SIGN_STYLE = Automatic;
				INFOPLIST_FILE = MyNetworkLayer/Info.plist;
				LD_RUNPATH_SEARCH_PATHS = (
					"$(inherited)",
					"@executable_path/Frameworks",
				);
				PRODUCT_BUNDLE_IDENTIFIER = com.fengchang.myriadmobile.MyNetworkLayer;
				PRODUCT_NAME = "$(TARGET_NAME)";
				SWIFT_VERSION = 5.0;
				TARGETED_DEVICE_FAMILY = "1,2";
			};
			name = Debug;
		};
		F2302C8B267665F20058B196 /* Release */ = {
			isa = XCBuildConfiguration;
			buildSettings = {
				ASSETCATALOG_COMPILER_APPICON_NAME = AppIcon;
				ASSETCATALOG_COMPILER_GLOBAL_ACCENT_COLOR_NAME = AccentColor;
				CODE_SIGN_STYLE = Automatic;
				INFOPLIST_FILE = MyNetworkLayer/Info.plist;
				LD_RUNPATH_SEARCH_PATHS = (
					"$(inherited)",
					"@executable_path/Frameworks",
				);
				PRODUCT_BUNDLE_IDENTIFIER = com.fengchang.myriadmobile.MyNetworkLayer;
				PRODUCT_NAME = "$(TARGET_NAME)";
				SWIFT_VERSION = 5.0;
				TARGETED_DEVICE_FAMILY = "1,2";
			};
			name = Release;
		};
/* End XCBuildConfiguration section */

/* Begin XCConfigurationList section */
		F2302C70267665F00058B196 /* Build configuration list for PBXProject "MyNetworkLayer" */ = {
			isa = XCConfigurationList;
			buildConfigurations = (
				F2302C87267665F20058B196 /* Debug */,
				F2302C88267665F20058B196 /* Release */,
			);
			defaultConfigurationIsVisible = 0;
			defaultConfigurationName = Release;
		};
		F2302C89267665F20058B196 /* Build configuration list for PBXNativeTarget "MyNetworkLayer" */ = {
			isa = XCConfigurationList;
			buildConfigurations = (
				F2302C8A267665F20058B196 /* Debug */,
				F2302C8B267665F20058B196 /* Release */,
			);
			defaultConfigurationIsVisible = 0;
			defaultConfigurationName = Release;
		};
/* End XCConfigurationList section */
	};
	rootObject = F2302C6D267665F00058B196 /* Project object */;
}
